{
  "originHash" : "77dd87c9c0c430020fa71a6dee7aa88f50b75759523507f19da9878464aa9d14",
  "pins" : [
    {
      "identity" : "wwflipwordcardui",
      "kind" : "remoteSourceControl",
      "location" : "https://github.com/William-Weng/WWFlipWordCardUI",
      "state" : {
        "revision" : "fcd81694359b9f7763333b5f140de2303b85894d",
        "version" : "1.0.1"
      }
    }
  ],
  "version" : 3
}
